
Microsoft Visual Studio Solution File, Format Version 12.00
# Visual Studio Version 17
VisualStudioVersion = 17.9.34622.214
MinimumVisualStudioVersion = 10.0.40219.1
Project("{FAE04EC0-301F-11D3-BF4B-00C04F79EFBC}") = "BookHaven", "BookHaven\BookHaven.csproj", "{2F9A9ED2-2DAB-45E9-841E-418305F76994}"
EndProject
Global
	GlobalSection(SolutionConfigurationPlatforms) = preSolution
		Debug|Any CPU = Debug|Any CPU
		Release|Any CPU = Release|Any CPU
	EndGlobalSection
	GlobalSection(ProjectConfigurationPlatforms) = postSolution
		{2F9A9ED2-2DAB-45E9-841E-418305F76994}.Debug|Any CPU.ActiveCfg = Debug|Any CPU
		{2F9A9ED2-2DAB-45E9-841E-418305F76994}.Debug|Any CPU.Build.0 = Debug|Any CPU
		{2F9A9ED2-2DAB-45E9-841E-418305F76994}.Release|Any CPU.ActiveCfg = Release|Any CPU
		{2F9A9ED2-2DAB-45E9-841E-418305F76994}.Release|Any CPU.Build.0 = Release|Any CPU
	EndGlobalSection
	GlobalSection(SolutionProperties) = preSolution
		HideSolutionNode = FALSE
	EndGlobalSection
	GlobalSection(ExtensibilityGlobals) = postSolution
		SolutionGuid = {9DE95EA5-DA6F-4167-ABFA-9BEE97045A59}
	EndGlobalSection
EndGlobal
